
Microsoft Visual Studio Solution File, Format Version 12.00
# Visual Studio Version 17
VisualStudioVersion = 17.7.34031.279
MinimumVisualStudioVersion = 10.0.40219.1
Project("{FAE04EC0-301F-11D3-BF4B-00C04F79EFBC}") = "Sln_Granada_Reservation", "Sln_Granada_Reservation\Sln_Granada_Reservation.csproj", "{CD401318-2646-4C8B-BE87-E68C1D2EC843}"
EndProject
Global
	GlobalSection(SolutionConfigurationPlatforms) = preSolution
		Debug|Any CPU = Debug|Any CPU
		Release|Any CPU = Release|Any CPU
	EndGlobalSection
	GlobalSection(ProjectConfigurationPlatforms) = postSolution
		{CD401318-2646-4C8B-BE87-E68C1D2EC843}.Debug|Any CPU.ActiveCfg = Debug|Any CPU
		{CD401318-2646-4C8B-BE87-E68C1D2EC843}.Debug|Any CPU.Build.0 = Debug|Any CPU
		{CD401318-2646-4C8B-BE87-E68C1D2EC843}.Release|Any CPU.ActiveCfg = Release|Any CPU
		{CD401318-2646-4C8B-BE87-E68C1D2EC843}.Release|Any CPU.Build.0 = Release|Any CPU
	EndGlobalSection
	GlobalSection(SolutionProperties) = preSolution
		HideSolutionNode = FALSE
	EndGlobalSection
	GlobalSection(ExtensibilityGlobals) = postSolution
		SolutionGuid = {7FD67810-AD5F-4063-A5D0-A07D787D0554}
	EndGlobalSection
EndGlobal
